
Microsoft Visual Studio Solution File, Format Version 12.00
# Visual Studio Version 17
VisualStudioVersion = 17.13.35931.197
MinimumVisualStudioVersion = 10.0.40219.1
Project("{2150E333-8FDC-42A3-9474-1A3956D46DE8}") = "src", "src", "{02EA681E-C7D8-13C7-8484-4AC65E1B71E8}"
EndProject
Project("{2150E333-8FDC-42A3-9474-1A3956D46DE8}") = "Services", "Services", "{C18A9990-5C29-431D-9048-6E38387C9A72}"
EndProject
Project("{2150E333-8FDC-42A3-9474-1A3956D46DE8}") = "Search", "Search", "{7B1E9081-C755-4D63-B94D-806F4CEAB37F}"
EndProject
Project("{2150E333-8FDC-42A3-9474-1A3956D46DE8}") = "Catalog", "Catalog", "{BB00A4C9-D9F3-40BD-A353-3A4E5F84F002}"
EndProject
Project("{2150E333-8FDC-42A3-9474-1A3956D46DE8}") = "Docker", "Docker", "{4A09A6B9-1F33-40D4-84B0-DE6E2503D9AA}"
	ProjectSection(SolutionItems) = preProject
		.env = .env
		docker-compose.yml = docker-compose.yml
	EndProjectSection
EndProject
Project("{2150E333-8FDC-42A3-9474-1A3956D46DE8}") = "Common", "Common", "{11A2BB74-8313-45F8-965E-8E19A68C397B}"
EndProject
Project("{FAE04EC0-301F-11D3-BF4B-00C04F79EFBC}") = "IntegrationEvents", "src\common\IntegrationEvents\IntegrationEvents.csproj", "{EAEB9D0D-FE16-46C1-A916-7059D70A3CBE}"
EndProject
Project("{FAE04EC0-301F-11D3-BF4B-00C04F79EFBC}") = "Search.Api", "src\services\search\Search.Api\Search.Api.csproj", "{A4CB8CC4-A37C-4BC4-8151-00591ACBAE44}"
EndProject
Project("{FAE04EC0-301F-11D3-BF4B-00C04F79EFBC}") = "Catalog.Api", "src\services\catalog\Catalog.Api\Catalog.Api.csproj", "{904D19CF-D58E-4052-801E-2FE6745D3D12}"
EndProject
Global
	GlobalSection(SolutionConfigurationPlatforms) = preSolution
		Debug|Any CPU = Debug|Any CPU
		Release|Any CPU = Release|Any CPU
	EndGlobalSection
	GlobalSection(ProjectConfigurationPlatforms) = postSolution
		{EAEB9D0D-FE16-46C1-A916-7059D70A3CBE}.Debug|Any CPU.ActiveCfg = Debug|Any CPU
		{EAEB9D0D-FE16-46C1-A916-7059D70A3CBE}.Debug|Any CPU.Build.0 = Debug|Any CPU
		{EAEB9D0D-FE16-46C1-A916-7059D70A3CBE}.Release|Any CPU.ActiveCfg = Release|Any CPU
		{EAEB9D0D-FE16-46C1-A916-7059D70A3CBE}.Release|Any CPU.Build.0 = Release|Any CPU
		{A4CB8CC4-A37C-4BC4-8151-00591ACBAE44}.Debug|Any CPU.ActiveCfg = Debug|Any CPU
		{A4CB8CC4-A37C-4BC4-8151-00591ACBAE44}.Debug|Any CPU.Build.0 = Debug|Any CPU
		{A4CB8CC4-A37C-4BC4-8151-00591ACBAE44}.Release|Any CPU.ActiveCfg = Release|Any CPU
		{A4CB8CC4-A37C-4BC4-8151-00591ACBAE44}.Release|Any CPU.Build.0 = Release|Any CPU
		{904D19CF-D58E-4052-801E-2FE6745D3D12}.Debug|Any CPU.ActiveCfg = Debug|Any CPU
		{904D19CF-D58E-4052-801E-2FE6745D3D12}.Debug|Any CPU.Build.0 = Debug|Any CPU
		{904D19CF-D58E-4052-801E-2FE6745D3D12}.Release|Any CPU.ActiveCfg = Release|Any CPU
		{904D19CF-D58E-4052-801E-2FE6745D3D12}.Release|Any CPU.Build.0 = Release|Any CPU
	EndGlobalSection
	GlobalSection(SolutionProperties) = preSolution
		HideSolutionNode = FALSE
	EndGlobalSection
	GlobalSection(NestedProjects) = preSolution
		{C18A9990-5C29-431D-9048-6E38387C9A72} = {02EA681E-C7D8-13C7-8484-4AC65E1B71E8}
		{7B1E9081-C755-4D63-B94D-806F4CEAB37F} = {C18A9990-5C29-431D-9048-6E38387C9A72}
		{BB00A4C9-D9F3-40BD-A353-3A4E5F84F002} = {C18A9990-5C29-431D-9048-6E38387C9A72}
		{11A2BB74-8313-45F8-965E-8E19A68C397B} = {02EA681E-C7D8-13C7-8484-4AC65E1B71E8}
		{EAEB9D0D-FE16-46C1-A916-7059D70A3CBE} = {11A2BB74-8313-45F8-965E-8E19A68C397B}
		{A4CB8CC4-A37C-4BC4-8151-00591ACBAE44} = {7B1E9081-C755-4D63-B94D-806F4CEAB37F}
		{904D19CF-D58E-4052-801E-2FE6745D3D12} = {BB00A4C9-D9F3-40BD-A353-3A4E5F84F002}
	EndGlobalSection
	GlobalSection(ExtensibilityGlobals) = postSolution
		SolutionGuid = {A77D0BD2-27BB-4945-8C15-0F5A7ADEB61E}
	EndGlobalSection
EndGlobal
